// !$*UTF8*$!
{
	archiveVersion = 1;
	classes = {
	};
	objectVersion = 50;
	objects = {

/* Begin PBXBuildFile section */
		E3B69AAC22AB2E8F004D4277 /* AppDelegate.m in Sources */ = {isa = PBXBuildFile; fileRef = E3B69AAB22AB2E8F004D4277 /* AppDelegate.m */; };
		E3B69AAF22AB2E8F004D4277 /* ViewController.m in Sources */ = {isa = PBXBuildFile; fileRef = E3B69AAE22AB2E8F004D4277 /* ViewController.m */; };
		E3B69AB222AB2E8F004D4277 /* Main.storyboard in Resources */ = {isa = PBXBuildFile; fileRef = E3B69AB022AB2E8F004D4277 /* Main.storyboard */; };
		E3B69AB422AB2E90004D4277 /* Assets.xcassets in Resources */ = {isa = PBXBuildFile; fileRef = E3B69AB322AB2E90004D4277 /* Assets.xcassets */; };
		E3B69AB722AB2E90004D4277 /* LaunchScreen.storyboard in Resources */ = {isa = PBXBuildFile; fileRef = E3B69AB522AB2E90004D4277 /* LaunchScreen.storyboard */; };
		E3B69ABA22AB2E90004D4277 /* main.m in Sources */ = {isa = PBXBuildFile; fileRef = E3B69AB922AB2E90004D4277 /* main.m */; };
		E3B69AC422AB2E90004D4277 /* weibo__Tests.m in Sources */ = {isa = PBXBuildFile; fileRef = E3B69AC322AB2E90004D4277 /* weibo__Tests.m */; };
		E3B69ACF22AB2E90004D4277 /* weibo__UITests.m in Sources */ = {isa = PBXBuildFile; fileRef = E3B69ACE22AB2E90004D4277 /* weibo__UITests.m */; };
		E3B69ADE22AB31B4004D4277 /* Dog.m in Sources */ = {isa = PBXBuildFile; fileRef = E3B69ADD22AB31B4004D4277 /* Dog.m */; };
/* End PBXBuildFile section */

/* Begin PBXContainerItemProxy section */
		E3B69AC022AB2E90004D4277 /* PBXContainerItemProxy */ = {
			isa = PBXContainerItemProxy;
			containerPortal = E3B69A9F22AB2E8F004D4277 /* Project object */;
			proxyType = 1;
			remoteGlobalIDString = E3B69AA622AB2E8F004D4277;
			remoteInfo = "weibo项目";
		};
		E3B69ACB22AB2E90004D4277 /* PBXContainerItemProxy */ = {
			isa = PBXContainerItemProxy;
			containerPortal = E3B69A9F22AB2E8F004D4277 /* Project object */;
			proxyType = 1;
			remoteGlobalIDString = E3B69AA622AB2E8F004D4277;
			remoteInfo = "weibo项目";
		};
/* End PBXContainerItemProxy section */

/* Begin PBXFileReference section */
		E3B69AA722AB2E8F004D4277 /* weibo项目.app */ = {isa = PBXFileReference; explicitFileType = wrapper.application; includeInIndex = 0; path = "weibo项目.app"; sourceTree = BUILT_PRODUCTS_DIR; };
		E3B69AAA22AB2E8F004D4277 /* AppDelegate.h */ = {isa = PBXFileReference; lastKnownFileType = sourcecode.c.h; path = AppDelegate.h; sourceTree = "<group>"; };
		E3B69AAB22AB2E8F004D4277 /* AppDelegate.m */ = {isa = PBXFileReference; lastKnownFileType = sourcecode.c.objc; path = AppDelegate.m; sourceTree = "<group>"; };
		E3B69AAD22AB2E8F004D4277 /* ViewController.h */ = {isa = PBXFileReference; lastKnownFileType = sourcecode.c.h; path = ViewController.h; sourceTree = "<group>"; };
		E3B69AAE22AB2E8F004D4277 /* ViewController.m */ = {isa = PBXFileReference; lastKnownFileType = sourcecode.c.objc; path = ViewController.m; sourceTree = "<group>"; };
		E3B69AB122AB2E8F004D4277 /* Base */ = {isa = PBXFileReference; lastKnownFileType = file.storyboard; name = Base; path = Base.lproj/Main.storyboard; sourceTree = "<group>"; };
		E3B69AB322AB2E90004D4277 /* Assets.xcassets */ = {isa = PBXFileReference; lastKnownFileType = folder.assetcatalog; path = Assets.xcassets; sourceTree = "<group>"; };
		E3B69AB622AB2E90004D4277 /* Base */ = {isa = PBXFileReference; lastKnownFileType = file.storyboard; name = Base; path = Base.lproj/LaunchScreen.storyboard; sourceTree = "<group>"; };
		E3B69AB822AB2E90004D4277 /* Info.plist */ = {isa = PBXFileReference; lastKnownFileType = text.plist.xml; path = Info.plist; sourceTree = "<group>"; };
		E3B69AB922AB2E90004D4277 /* main.m */ = {isa = PBXFileReference; lastKnownFileType = sourcecode.c.objc; path = main.m; sourceTree = "<group>"; };
		E3B69ABF22AB2E90004D4277 /* weibo项目Tests.xctest */ = {isa = PBXFileReference; explicitFileType = wrapper.cfbundle; includeInIndex = 0; path = "weibo项目Tests.xctest"; sourceTree = BUILT_PRODUCTS_DIR; };
		E3B69AC322AB2E90004D4277 /* weibo__Tests.m */ = {isa = PBXFileReference; lastKnownFileType = sourcecode.c.objc; path = weibo__Tests.m; sourceTree = "<group>"; };
		E3B69AC522AB2E90004D4277 /* Info.plist */ = {isa = PBXFileReference; lastKnownFileType = text.plist.xml; path = Info.plist; sourceTree = "<group>"; };
		E3B69ACA22AB2E90004D4277 /* weibo项目UITests.xctest */ = {isa = PBXFileReference; explicitFileType = wrapper.cfbundle; includeInIndex = 0; path = "weibo项目UITests.xctest"; sourceTree = BUILT_PRODUCTS_DIR; };
		E3B69ACE22AB2E90004D4277 /* weibo__UITests.m */ = {isa = PBXFileReference; lastKnownFileType = sourcecode.c.objc; path = weibo__UITests.m; sourceTree = "<group>"; };
		E3B69AD022AB2E90004D4277 /* Info.plist */ = {isa = PBXFileReference; lastKnownFileType = text.plist.xml; path = Info.plist; sourceTree = "<group>"; };
		E3B69ADC22AB31B4004D4277 /* Dog.h */ = {isa = PBXFileReference; lastKnownFileType = sourcecode.c.h; path = Dog.h; sourceTree = "<group>"; };
		E3B69ADD22AB31B4004D4277 /* Dog.m */ = {isa = PBXFileReference; lastKnownFileType = sourcecode.c.objc; path = Dog.m; sourceTree = "<group>"; };
/* End PBXFileReference section */

/* Begin PBXFrameworksBuildPhase section */
		E3B69AA422AB2E8F004D4277 /* Frameworks */ = {
			isa = PBXFrameworksBuildPhase;
			buildActionMask = 2147483647;
			files = (
			);
			runOnlyForDeploymentPostprocessing = 0;
		};
		E3B69ABC22AB2E90004D4277 /* Frameworks */ = {
			isa = PBXFrameworksBuildPhase;
			buildActionMask = 2147483647;
			files = (
			);
			runOnlyForDeploymentPostprocessing = 0;
		};
		E3B69AC722AB2E90004D4277 /* Frameworks */ = {
			isa = PBXFrameworksBuildPhase;
			buildActionMask = 2147483647;
			files = (
			);
			runOnlyForDeploymentPostprocessing = 0;
		};
/* End PBXFrameworksBuildPhase section */

/* Begin PBXGroup section */
		E3B69A9E22AB2E8F004D4277 = {
			isa = PBXGroup;
			children = (
				E3B69AA922AB2E8F004D4277 /* weibo项目 */,
				E3B69AC222AB2E90004D4277 /* weibo项目Tests */,
				E3B69ACD22AB2E90004D4277 /* weibo项目UITests */,
				E3B69AA822AB2E8F004D4277 /* Products */,
			);
			sourceTree = "<group>";
		};
		E3B69AA822AB2E8F004D4277 /* Products */ = {
			isa = PBXGroup;
			children = (
				E3B69AA722AB2E8F004D4277 /* weibo项目.app */,
				E3B69ABF22AB2E90004D4277 /* weibo项目Tests.xctest */,
				E3B69ACA22AB2E90004D4277 /* weibo项目UITests.xctest */,
			);
			name = Products;
			sourceTree = "<group>";
		};
		E3B69AA922AB2E8F004D4277 /* weibo项目 */ = {
			isa = PBXGroup;
			children = (
				E3B69AAA22AB2E8F004D4277 /* AppDelegate.h */,
				E3B69AAB22AB2E8F004D4277 /* AppDelegate.m */,
				E3B69ADC22AB31B4004D4277 /* Dog.h */,
				E3B69ADD22AB31B4004D4277 /* Dog.m */,
				E3B69AAD22AB2E8F004D4277 /* ViewController.h */,
				E3B69AAE22AB2E8F004D4277 /* ViewController.m */,
				E3B69AB022AB2E8F004D4277 /* Main.storyboard */,
				E3B69AB322AB2E90004D4277 /* Assets.xcassets */,
				E3B69AB522AB2E90004D4277 /* LaunchScreen.storyboard */,
				E3B69AB822AB2E90004D4277 /* Info.plist */,
				E3B69AB922AB2E90004D4277 /* main.m */,
			);
			path = "weibo项目";
			sourceTree = "<group>";
		};
		E3B69AC222AB2E90004D4277 /* weibo项目Tests */ = {
			isa = PBXGroup;
			children = (
				E3B69AC322AB2E90004D4277 /* weibo__Tests.m */,
				E3B69AC522AB2E90004D4277 /* Info.plist */,
			);
			path = "weibo项目Tests";
			sourceTree = "<group>";
		};
		E3B69ACD22AB2E90004D4277 /* weibo项目UITests */ = {
			isa = PBXGroup;
			children = (
				E3B69ACE22AB2E90004D4277 /* weibo__UITests.m */,
				E3B69AD022AB2E90004D4277 /* Info.plist */,
			);
			path = "weibo项目UITests";
			sourceTree = "<group>";
		};
/* End PBXGroup section */

/* Begin PBXNativeTarget section */
		E3B69AA622AB2E8F004D4277 /* weibo项目 */ = {
			isa = PBXNativeTarget;
			buildConfigurationList = E3B69AD322AB2E90004D4277 /* Build configuration list for PBXNativeTarget "weibo项目" */;
			buildPhases = (
				E3B69AA322AB2E8F004D4277 /* Sources */,
				E3B69AA422AB2E8F004D4277 /* Frameworks */,
				E3B69AA522AB2E8F004D4277 /* Resources */,
			);
			buildRules = (
			);
			dependencies = (
			);
			name = "weibo项目";
			productName = "weibo项目";
			productReference = E3B69AA722AB2E8F004D4277 /* weibo项目.app */;
			productType = "com.apple.product-type.application";
		};
		E3B69ABE22AB2E90004D4277 /* weibo项目Tests */ = {
			isa = PBXNativeTarget;
			buildConfigurationList = E3B69AD622AB2E90004D4277 /* Build configuration list for PBXNativeTarget "weibo项目Tests" */;
			buildPhases = (
				E3B69ABB22AB2E90004D4277 /* Sources */,
				E3B69ABC22AB2E90004D4277 /* Frameworks */,
				E3B69ABD22AB2E90004D4277 /* Resources */,
			);
			buildRules = (
			);
			dependencies = (
				E3B69AC122AB2E90004D4277 /* PBXTargetDependency */,
			);
			name = "weibo项目Tests";
			productName = "weibo项目Tests";
			productReference = E3B69ABF22AB2E90004D4277 /* weibo项目Tests.xctest */;
			productType = "com.apple.product-type.bundle.unit-test";
		};
		E3B69AC922AB2E90004D4277 /* weibo项目UITests */ = {
			isa = PBXNativeTarget;
			buildConfigurationList = E3B69AD922AB2E90004D4277 /* Build configuration list for PBXNativeTarget "weibo项目UITests" */;
			buildPhases = (
				E3B69AC622AB2E90004D4277 /* Sources */,
				E3B69AC722AB2E90004D4277 /* Frameworks */,
				E3B69AC822AB2E90004D4277 /* Resources */,
			);
			buildRules = (
			);
			dependencies = (
				E3B69ACC22AB2E90004D4277 /* PBXTargetDependency */,
			);
			name = "weibo项目UITests";
			productName = "weibo项目UITests";
			productReference = E3B69ACA22AB2E90004D4277 /* weibo项目UITests.xctest */;
			productType = "com.apple.product-type.bundle.ui-testing";
		};
/* End PBXNativeTarget section */

/* Begin PBXProject section */
		E3B69A9F22AB2E8F004D4277 /* Project object */ = {
			isa = PBXProject;
			attributes = {
				LastUpgradeCheck = 1020;
				ORGANIZATIONNAME = "邹团圆";
				TargetAttributes = {
					E3B69AA622AB2E8F004D4277 = {
						CreatedOnToolsVersion = 10.2.1;
					};
					E3B69ABE22AB2E90004D4277 = {
						CreatedOnToolsVersion = 10.2.1;
						TestTargetID = E3B69AA622AB2E8F004D4277;
					};
					E3B69AC922AB2E90004D4277 = {
						CreatedOnToolsVersion = 10.2.1;
						TestTargetID = E3B69AA622AB2E8F004D4277;
					};
				};
			};
			buildConfigurationList = E3B69AA222AB2E8F004D4277 /* Build configuration list for PBXProject "weibo项目" */;
			compatibilityVersion = "Xcode 9.3";
			developmentRegion = en;
			hasScannedForEncodings = 0;
			knownRegions = (
				en,
				Base,
			);
			mainGroup = E3B69A9E22AB2E8F004D4277;
			productRefGroup = E3B69AA822AB2E8F004D4277 /* Products */;
			projectDirPath = "";
			projectRoot = "";
			targets = (
				E3B69AA622AB2E8F004D4277 /* weibo项目 */,
				E3B69ABE22AB2E90004D4277 /* weibo项目Tests */,
				E3B69AC922AB2E90004D4277 /* weibo项目UITests */,
			);
		};
/* End PBXProject section */

/* Begin PBXResourcesBuildPhase section */
		E3B69AA522AB2E8F004D4277 /* Resources */ = {
			isa = PBXResourcesBuildPhase;
			buildActionMask = 2147483647;
			files = (
				E3B69AB722AB2E90004D4277 /* LaunchScreen.storyboard in Resources */,
				E3B69AB422AB2E90004D4277 /* Assets.xcassets in Resources */,
				E3B69AB222AB2E8F004D4277 /* Main.storyboard in Resources */,
			);
			runOnlyForDeploymentPostprocessing = 0;
		};
		E3B69ABD22AB2E90004D4277 /* Resources */ = {
			isa = PBXResourcesBuildPhase;
			buildActionMask = 2147483647;
			files = (
			);
			runOnlyForDeploymentPostprocessing = 0;
		};
		E3B69AC822AB2E90004D4277 /* Resources */ = {
			isa = PBXResourcesBuildPhase;
			buildActionMask = 2147483647;
			files = (
			);
			runOnlyForDeploymentPostprocessing = 0;
		};
/* End PBXResourcesBuildPhase section */

/* Begin PBXSourcesBuildPhase section */
		E3B69AA322AB2E8F004D4277 /* Sources */ = {
			isa = PBXSourcesBuildPhase;
			buildActionMask = 2147483647;
			files = (
				E3B69AAF22AB2E8F004D4277 /* ViewController.m in Sources */,
				E3B69ABA22AB2E90004D4277 /* main.m in Sources */,
				E3B69ADE22AB31B4004D4277 /* Dog.m in Sources */,
				E3B69AAC22AB2E8F004D4277 /* AppDelegate.m in Sources */,
			);
			runOnlyForDeploymentPostprocessing = 0;
		};
		E3B69ABB22AB2E90004D4277 /* Sources */ = {
			isa = PBXSourcesBuildPhase;
			buildActionMask = 2147483647;
			files = (
				E3B69AC422AB2E90004D4277 /* weibo__Tests.m in Sources */,
			);
			runOnlyForDeploymentPostprocessing = 0;
		};
		E3B69AC622AB2E90004D4277 /* Sources */ = {
			isa = PBXSourcesBuildPhase;
			buildActionMask = 2147483647;
			files = (
				E3B69ACF22AB2E90004D4277 /* weibo__UITests.m in Sources */,
			);
			runOnlyForDeploymentPostprocessing = 0;
		};
/* End PBXSourcesBuildPhase section */

/* Begin PBXTargetDependency section */
		E3B69AC122AB2E90004D4277 /* PBXTargetDependency */ = {
			isa = PBXTargetDependency;
			target = E3B69AA622AB2E8F004D4277 /* weibo项目 */;
			targetProxy = E3B69AC022AB2E90004D4277 /* PBXContainerItemProxy */;
		};
		E3B69ACC22AB2E90004D4277 /* PBXTargetDependency */ = {
			isa = PBXTargetDependency;
			target = E3B69AA622AB2E8F004D4277 /* weibo项目 */;
			targetProxy = E3B69ACB22AB2E90004D4277 /* PBXContainerItemProxy */;
		};
/* End PBXTargetDependency section */

/* Begin PBXVariantGroup section */
		E3B69AB022AB2E8F004D4277 /* Main.storyboard */ = {
			isa = PBXVariantGroup;
			children = (
				E3B69AB122AB2E8F004D4277 /* Base */,
			);
			name = Main.storyboard;
			sourceTree = "<group>";
		};
		E3B69AB522AB2E90004D4277 /* LaunchScreen.storyboard */ = {
			isa = PBXVariantGroup;
			children = (
				E3B69AB622AB2E90004D4277 /* Base */,
			);
			name = LaunchScreen.storyboard;
			sourceTree = "<group>";
		};
/* End PBXVariantGroup section */

/* Begin XCBuildConfiguration section */
		E3B69AD122AB2E90004D4277 /* Debug */ = {
			isa = XCBuildConfiguration;
			buildSettings = {
				ALWAYS_SEARCH_USER_PATHS = NO;
				CLANG_ANALYZER_NONNULL = YES;
				CLANG_ANALYZER_NUMBER_OBJECT_CONVERSION = YES_AGGRESSIVE;
				CLANG_CXX_LANGUAGE_STANDARD = "gnu++14";
				CLANG_CXX_LIBRARY = "libc++";
				CLANG_ENABLE_MODULES = YES;
				CLANG_ENABLE_OBJC_ARC = YES;
				CLANG_ENABLE_OBJC_WEAK = YES;
				CLANG_WARN_BLOCK_CAPTURE_AUTORELEASING = YES;
				CLANG_WARN_BOOL_CONVERSION = YES;
				CLANG_WARN_COMMA = YES;
				CLANG_WARN_CONSTANT_CONVERSION = YES;
				CLANG_WARN_DEPRECATED_OBJC_IMPLEMENTATIONS = YES;
				CLANG_WARN_DIRECT_OBJC_ISA_USAGE = YES_ERROR;
				CLANG_WARN_DOCUMENTATION_COMMENTS = YES;
				CLANG_WARN_EMPTY_BODY = YES;
				CLANG_WARN_ENUM_CONVERSION = YES;
				CLANG_WARN_INFINITE_RECURSION = YES;
				CLANG_WARN_INT_CONVERSION = YES;
				CLANG_WARN_NON_LITERAL_NULL_CONVERSION = YES;
				CLANG_WARN_OBJC_IMPLICIT_RETAIN_SELF = YES;
				CLANG_WARN_OBJC_LITERAL_CONVERSION = YES;
				CLANG_WARN_OBJC_ROOT_CLASS = YES_ERROR;
				CLANG_WARN_RANGE_LOOP_ANALYSIS = YES;
				CLANG_WARN_STRICT_PROTOTYPES = YES;
				CLANG_WARN_SUSPICIOUS_MOVE = YES;
				CLANG_WARN_UNGUARDED_AVAILABILITY = YES_AGGRESSIVE;
				CLANG_WARN_UNREACHABLE_CODE = YES;
				CLANG_WARN__DUPLICATE_METHOD_MATCH = YES;
				CODE_SIGN_IDENTITY = "iPhone Developer";
				COPY_PHASE_STRIP = NO;
				DEBUG_INFORMATION_FORMAT = dwarf;
				ENABLE_STRICT_OBJC_MSGSEND = YES;
				ENABLE_TESTABILITY = YES;
				GCC_C_LANGUAGE_STANDARD = gnu11;
				GCC_DYNAMIC_NO_PIC = NO;
				GCC_NO_COMMON_BLOCKS = YES;
				GCC_OPTIMIZATION_LEVEL = 0;
				GCC_PREPROCESSOR_DEFINITIONS = (
					"DEBUG=1",
					"$(inherited)",
				);
				GCC_WARN_64_TO_32_BIT_CONVERSION = YES;
				GCC_WARN_ABOUT_RETURN_TYPE = YES_ERROR;
				GCC_WARN_UNDECLARED_SELECTOR = YES;
				GCC_WARN_UNINITIALIZED_AUTOS = YES_AGGRESSIVE;
				GCC_WARN_UNUSED_FUNCTION = YES;
				GCC_WARN_UNUSED_VARIABLE = YES;
				IPHONEOS_DEPLOYMENT_TARGET = 12.2;
				MTL_ENABLE_DEBUG_INFO = INCLUDE_SOURCE;
				MTL_FAST_MATH = YES;
				ONLY_ACTIVE_ARCH = YES;
				SDKROOT = iphoneos;
			};
			name = Debug;
		};
		E3B69AD222AB2E90004D4277 /* Release */ = {
			isa = XCBuildConfiguration;
			buildSettings = {
				ALWAYS_SEARCH_USER_PATHS = NO;
				CLANG_ANALYZER_NONNULL = YES;
				CLANG_ANALYZER_NUMBER_OBJECT_CONVERSION = YES_AGGRESSIVE;
				CLANG_CXX_LANGUAGE_STANDARD = "gnu++14";
				CLANG_CXX_LIBRARY = "libc++";
				CLANG_ENABLE_MODULES = YES;
				CLANG_ENABLE_OBJC_ARC = YES;
				CLANG_ENABLE_OBJC_WEAK = YES;
				CLANG_WARN_BLOCK_CAPTURE_AUTORELEASING = YES;
				CLANG_WARN_BOOL_CONVERSION = YES;
				CLANG_WARN_COMMA = YES;
				CLANG_WARN_CONSTANT_CONVERSION = YES;
				CLANG_WARN_DEPRECATED_OBJC_IMPLEMENTATIONS = YES;
				CLANG_WARN_DIRECT_OBJC_ISA_USAGE = YES_ERROR;
				CLANG_WARN_DOCUMENTATION_COMMENTS = YES;
				CLANG_WARN_EMPTY_BODY = YES;
				CLANG_WARN_ENUM_CONVERSION = YES;
				CLANG_WARN_INFINITE_RECURSION = YES;
				CLANG_WARN_INT_CONVERSION = YES;
				CLANG_WARN_NON_LITERAL_NULL_CONVERSION = YES;
				CLANG_WARN_OBJC_IMPLICIT_RETAIN_SELF = YES;
				CLANG_WARN_OBJC_LITERAL_CONVERSION = YES;
				CLANG_WARN_OBJC_ROOT_CLASS = YES_ERROR;
				CLANG_WARN_RANGE_LOOP_ANALYSIS = YES;
				CLANG_WARN_STRICT_PROTOTYPES = YES;
				CLANG_WARN_SUSPICIOUS_MOVE = YES;
				CLANG_WARN_UNGUARDED_AVAILABILITY = YES_AGGRESSIVE;
				CLANG_WARN_UNREACHABLE_CODE = YES;
				CLANG_WARN__DUPLICATE_METHOD_MATCH = YES;
				CODE_SIGN_IDENTITY = "iPhone Developer";
				COPY_PHASE_STRIP = NO;
				DEBUG_INFORMATION_FORMAT = "dwarf-with-dsym";
				ENABLE_NS_ASSERTIONS = NO;
				ENABLE_STRICT_OBJC_MSGSEND = YES;
				GCC_C_LANGUAGE_STANDARD = gnu11;
				GCC_NO_COMMON_BLOCKS = YES;
				GCC_WARN_64_TO_32_BIT_CONVERSION = YES;
				GCC_WARN_ABOUT_RETURN_TYPE = YES_ERROR;
				GCC_WARN_UNDECLARED_SELECTOR = YES;
				GCC_WARN_UNINITIALIZED_AUTOS = YES_AGGRESSIVE;
				GCC_WARN_UNUSED_FUNCTION = YES;
				GCC_WARN_UNUSED_VARIABLE = YES;
				IPHONEOS_DEPLOYMENT_TARGET = 12.2;
				MTL_ENABLE_DEBUG_INFO = NO;
				MTL_FAST_MATH = YES;
				SDKROOT = iphoneos;
				VALIDATE_PRODUCT = YES;
			};
			name = Release;
		};
		E3B69AD422AB2E90004D4277 /* Debug */ = {
			isa = XCBuildConfiguration;
			buildSettings = {
				ASSETCATALOG_COMPILER_APPICON_NAME = AppIcon;
				CODE_SIGN_STYLE = Automatic;
				INFOPLIST_FILE = "weibo项目/Info.plist";
				LD_RUNPATH_SEARCH_PATHS = (
					"$(inherited)",
					"@executable_path/Frameworks",
				);
				PRODUCT_BUNDLE_IDENTIFIER = "wwww.weibo--";
				PRODUCT_NAME = "$(TARGET_NAME)";
				TARGETED_DEVICE_FAMILY = "1,2";
			};
			name = Debug;
		};
		E3B69AD522AB2E90004D4277 /* Release */ = {
			isa = XCBuildConfiguration;
			buildSettings = {
				ASSETCATALOG_COMPILER_APPICON_NAME = AppIcon;
				CODE_SIGN_STYLE = Automatic;
				INFOPLIST_FILE = "weibo项目/Info.plist";
				LD_RUNPATH_SEARCH_PATHS = (
					"$(inherited)",
					"@executable_path/Frameworks",
				);
				PRODUCT_BUNDLE_IDENTIFIER = "wwww.weibo--";
				PRODUCT_NAME = "$(TARGET_NAME)";
				TARGETED_DEVICE_FAMILY = "1,2";
			};
			name = Release;
		};
		E3B69AD722AB2E90004D4277 /* Debug */ = {
			isa = XCBuildConfiguration;
			buildSettings = {
				BUNDLE_LOADER = "$(TEST_HOST)";
				CODE_SIGN_STYLE = Automatic;
				INFOPLIST_FILE = "weibo项目Tests/Info.plist";
				LD_RUNPATH_SEARCH_PATHS = (
					"$(inherited)",
					"@executable_path/Frameworks",
					"@loader_path/Frameworks",
				);
				PRODUCT_BUNDLE_IDENTIFIER = "wwww.weibo--Tests";
				PRODUCT_NAME = "$(TARGET_NAME)";
				TARGETED_DEVICE_FAMILY = "1,2";
				TEST_HOST = "$(BUILT_PRODUCTS_DIR)/weibo项目.app/weibo项目";
			};
			name = Debug;
		};
		E3B69AD822AB2E90004D4277 /* Release */ = {
			isa = XCBuildConfiguration;
			buildSettings = {
				BUNDLE_LOADER = "$(TEST_HOST)";
				CODE_SIGN_STYLE = Automatic;
				INFOPLIST_FILE = "weibo项目Tests/Info.plist";
				LD_RUNPATH_SEARCH_PATHS = (
					"$(inherited)",
					"@executable_path/Frameworks",
					"@loader_path/Frameworks",
				);
				PRODUCT_BUNDLE_IDENTIFIER = "wwww.weibo--Tests";
				PRODUCT_NAME = "$(TARGET_NAME)";
				TARGETED_DEVICE_FAMILY = "1,2";
				TEST_HOST = "$(BUILT_PRODUCTS_DIR)/weibo项目.app/weibo项目";
			};
			name = Release;
		};
		E3B69ADA22AB2E90004D4277 /* Debug */ = {
			isa = XCBuildConfiguration;
			buildSettings = {
				CODE_SIGN_STYLE = Automatic;
				INFOPLIST_FILE = "weibo项目UITests/Info.plist";
				LD_RUNPATH_SEARCH_PATHS = (
					"$(inherited)",
					"@executable_path/Frameworks",
					"@loader_path/Frameworks",
				);
				PRODUCT_BUNDLE_IDENTIFIER = "wwww.weibo--UITests";
				PRODUCT_NAME = "$(TARGET_NAME)";
				TARGETED_DEVICE_FAMILY = "1,2";
				TEST_TARGET_NAME = "weibo项目";
			};
			name = Debug;
		};
		E3B69ADB22AB2E90004D4277 /* Release */ = {
			isa = XCBuildConfiguration;
			buildSettings = {
				CODE_SIGN_STYLE = Automatic;
				INFOPLIST_FILE = "weibo项目UITests/Info.plist";
				LD_RUNPATH_SEARCH_PATHS = (
					"$(inherited)",
					"@executable_path/Frameworks",
					"@loader_path/Frameworks",
				);
				PRODUCT_BUNDLE_IDENTIFIER = "wwww.weibo--UITests";
				PRODUCT_NAME = "$(TARGET_NAME)";
				TARGETED_DEVICE_FAMILY = "1,2";
				TEST_TARGET_NAME = "weibo项目";
			};
			name = Release;
		};
/* End XCBuildConfiguration section */

/* Begin XCConfigurationList section */
		E3B69AA222AB2E8F004D4277 /* Build configuration list for PBXProject "weibo项目" */ = {
			isa = XCConfigurationList;
			buildConfigurations = (
				E3B69AD122AB2E90004D4277 /* Debug */,
				E3B69AD222AB2E90004D4277 /* Release */,
			);
			defaultConfigurationIsVisible = 0;
			defaultConfigurationName = Release;
		};
		E3B69AD322AB2E90004D4277 /* Build configuration list for PBXNativeTarget "weibo项目" */ = {
			isa = XCConfigurationList;
			buildConfigurations = (
				E3B69AD422AB2E90004D4277 /* Debug */,
				E3B69AD522AB2E90004D4277 /* Release */,
			);
			defaultConfigurationIsVisible = 0;
			defaultConfigurationName = Release;
		};
		E3B69AD622AB2E90004D4277 /* Build configuration list for PBXNativeTarget "weibo项目Tests" */ = {
			isa = XCConfigurationList;
			buildConfigurations = (
				E3B69AD722AB2E90004D4277 /* Debug */,
				E3B69AD822AB2E90004D4277 /* Release */,
			);
			defaultConfigurationIsVisible = 0;
			defaultConfigurationName = Release;
		};
		E3B69AD922AB2E90004D4277 /* Build configuration list for PBXNativeTarget "weibo项目UITests" */ = {
			isa = XCConfigurationList;
			buildConfigurations = (
				E3B69ADA22AB2E90004D4277 /* Debug */,
				E3B69ADB22AB2E90004D4277 /* Release */,
			);
			defaultConfigurationIsVisible = 0;
			defaultConfigurationName = Release;
		};
/* End XCConfigurationList section */
	};
	rootObject = E3B69A9F22AB2E8F004D4277 /* Project object */;
}
